
Microsoft Visual Studio Solution File, Format Version 12.00
# Visual Studio Version 16
VisualStudioVersion = 16.0.33927.289
MinimumVisualStudioVersion = 10.0.40219.1
Project("{2150E333-8FDC-42A3-9474-1A3956D46DE8}") = "Task0", "Task0", "{679BE32A-5C83-4B2D-8CED-7B301577CA90}"
EndProject
Project("{FAE04EC0-301F-11D3-BF4B-00C04F79EFBC}") = "Tyuiu.PyankovaVV.Sprint2.Task0.V10", "Tyuiu.PyankovaVV.Sprint2.Task0.V10\Tyuiu.PyankovaVV.Sprint2.Task0.V10.csproj", "{CE627C0C-1441-4C1E-9DF4-0BE5AEB4B83C}"
EndProject
Project("{FAE04EC0-301F-11D3-BF4B-00C04F79EFBC}") = "Tyuiu.PyankovaVV.Sprint2.Task0.V10.Lib", "Tyuiu.PyankovaVV.Sprint2.Task0.V10.Lib\Tyuiu.PyankovaVV.Sprint2.Task0.V10.Lib.csproj", "{036163BD-F42A-49B1-9C7E-84602ECC6D73}"
EndProject
Project("{FAE04EC0-301F-11D3-BF4B-00C04F79EFBC}") = "Tyuiu.PyankovaVV.Sprint2.Task0.V10.Test", "Tyuiu.PyankovaVV.Sprint2.Task0.V10.Test\Tyuiu.PyankovaVV.Sprint2.Task0.V10.Test.csproj", "{E0249504-42EF-42AB-842D-88FBB6D707CB}"
EndProject
Project("{2150E333-8FDC-42A3-9474-1A3956D46DE8}") = "Task1", "Task1", "{71D036C7-9C79-48A9-A101-D354104E9E23}"
EndProject
Project("{FAE04EC0-301F-11D3-BF4B-00C04F79EFBC}") = "Tyuiu.PyankovaVV.Sprint2.Task1.V30", "Tyuiu.PyankovaVV.Sprint2.Task1.V30\Tyuiu.PyankovaVV.Sprint2.Task1.V30.csproj", "{46660179-2B72-4F35-AF71-7755CBF82911}"
EndProject
Project("{FAE04EC0-301F-11D3-BF4B-00C04F79EFBC}") = "Tyuiu.PyankovaVV.Sprint2.Task1.V30.Lib", "Tyuiu.PyankovaVV.Sprint2.Task1.V30.Lib\Tyuiu.PyankovaVV.Sprint2.Task1.V30.Lib.csproj", "{EF0F574C-7ADA-4856-92C2-16DD1000E29D}"
EndProject
Project("{FAE04EC0-301F-11D3-BF4B-00C04F79EFBC}") = "Tyuiu.PyankovaVV.Sprint2.Task1.V30.Test", "Tyuiu.PyankovaVV.Sprint2.Task1.V30.Test\Tyuiu.PyankovaVV.Sprint2.Task1.V30.Test.csproj", "{D350C4DA-64AA-41FF-8C8E-CBAB7F631D7B}"
EndProject
Project("{2150E333-8FDC-42A3-9474-1A3956D46DE8}") = "Task2", "Task2", "{6B631EA0-B1E8-42B7-B55C-8A31DB2316F1}"
EndProject
Project("{FAE04EC0-301F-11D3-BF4B-00C04F79EFBC}") = "Tyuiu.PyankovaVV.Sprint2.Task2.V3", "Tyuiu.PyankovaVV.Sprint2.Task2.V3\Tyuiu.PyankovaVV.Sprint2.Task2.V3.csproj", "{9BD57255-5444-4AF1-8DD2-2B1F992ED46E}"
EndProject
Project("{FAE04EC0-301F-11D3-BF4B-00C04F79EFBC}") = "Tyuiu.PyankovaVV.Sprint2.Task2.V3.Lib", "Tyuiu.PyankovaVV.Sprint2.Task2.V3.Lib\Tyuiu.PyankovaVV.Sprint2.Task2.V3.Lib.csproj", "{97F81B4E-A069-4015-BED2-DB39802A0F68}"
EndProject
Project("{FAE04EC0-301F-11D3-BF4B-00C04F79EFBC}") = "Tyuiu.PyankovaVV.Sprint2.Task2.V3.Test", "Tyuiu.PyankovaVV.Sprint2.Task2.V3.Test\Tyuiu.PyankovaVV.Sprint2.Task2.V3.Test.csproj", "{49B598AB-A568-44E3-9902-A916E1EEECC6}"
EndProject
Project("{2150E333-8FDC-42A3-9474-1A3956D46DE8}") = "Task3", "Task3", "{F30324DD-F415-4A91-83CC-9C3C78D9EB32}"
EndProject
Project("{FAE04EC0-301F-11D3-BF4B-00C04F79EFBC}") = "Tyuiu.PyankovaVV.Sprint2.Task3.V1", "Tyuiu.PyankovaVV.Sprint2.Task3.V1\Tyuiu.PyankovaVV.Sprint2.Task3.V1.csproj", "{D2C02BEB-DD3C-488D-BF83-A7F14F86B9EA}"
EndProject
Project("{FAE04EC0-301F-11D3-BF4B-00C04F79EFBC}") = "Tyuiu.PyankovaVV.Sprint2.Task3.V1.Lib", "Tyuiu.PyankovaVV.Sprint2.Task3.V1.Lib\Tyuiu.PyankovaVV.Sprint2.Task3.V1.Lib.csproj", "{89DF1ACE-F9EA-4972-9464-58656C9BFC9C}"
EndProject
Project("{FAE04EC0-301F-11D3-BF4B-00C04F79EFBC}") = "Tyuiu.PyankovaVV.Sprint2.Task3.V1.Test", "Tyuiu.PyankovaVV.Sprint2.Task3.V1.Test\Tyuiu.PyankovaVV.Sprint2.Task3.V1.Test.csproj", "{2268F55F-E049-459A-BEED-4BDAA140C658}"
EndProject
Project("{2150E333-8FDC-42A3-9474-1A3956D46DE8}") = "Task4", "Task4", "{0148BEAA-12FF-4938-ADD1-04B00E44307E}"
EndProject
Project("{FAE04EC0-301F-11D3-BF4B-00C04F79EFBC}") = "Tyuiu.PyankovaVV.Sprint2.Task4.V9", "Tyuiu.PyankovaVV.Sprint2.Task4.V9\Tyuiu.PyankovaVV.Sprint2.Task4.V9.csproj", "{8E33BF42-6A95-4A8E-AAD0-D343A154D000}"
EndProject
Project("{FAE04EC0-301F-11D3-BF4B-00C04F79EFBC}") = "Tyuiu.PyankovaVV.Sprint2.Task4.V9.Lib", "Tyuiu.PyankovaVV.Sprint2.Task4.V9.Lib\Tyuiu.PyankovaVV.Sprint2.Task4.V9.Lib.csproj", "{63B5B785-546F-4AD3-A164-8E233A769010}"
EndProject
Project("{FAE04EC0-301F-11D3-BF4B-00C04F79EFBC}") = "Tyuiu.PyankovaVV.Sprint2.Task4.V9.Test", "Tyuiu.PyankovaVV.Sprint2.Task4.V9.Test\Tyuiu.PyankovaVV.Sprint2.Task4.V9.Test.csproj", "{A930ED8E-CF85-4001-A448-DB8475385EBB}"
EndProject
Project("{2150E333-8FDC-42A3-9474-1A3956D46DE8}") = "Task5", "Task5", "{72134C5B-E78F-47E6-B7D8-B397E9DC349C}"
EndProject
Project("{FAE04EC0-301F-11D3-BF4B-00C04F79EFBC}") = "Tyuiu.PyankovaVV.Sprint2.Task5.V3", "Tyuiu.PyankovaVV.Sprint2.Task5.V3\Tyuiu.PyankovaVV.Sprint2.Task5.V3.csproj", "{DCF28514-3EC0-48A1-A745-FC52CC6F3C6D}"
EndProject
Project("{FAE04EC0-301F-11D3-BF4B-00C04F79EFBC}") = "Tyuiu.PyankovaVV.Sprint2.Task5.V3.Lib", "Tyuiu.PyankovaVV.Sprint2.Task5.V3.Lib\Tyuiu.PyankovaVV.Sprint2.Task5.V3.Lib.csproj", "{C2DA4DC2-E036-4943-8BEF-E1C57040A81A}"
EndProject
Project("{FAE04EC0-301F-11D3-BF4B-00C04F79EFBC}") = "Tyuiu.PyankovaVV.Sprint2.Task5.V3.Test", "Tyuiu.PyankovaVV.Sprint2.Task5.V3.Test\Tyuiu.PyankovaVV.Sprint2.Task5.V3.Test.csproj", "{EE080B7A-6F4C-4AF8-A9D7-59FB888FEDB8}"
EndProject
Project("{2150E333-8FDC-42A3-9474-1A3956D46DE8}") = "Task6", "Task6", "{1596FC8D-6B63-40B0-AA3E-8685525EB716}"
EndProject
Project("{FAE04EC0-301F-11D3-BF4B-00C04F79EFBC}") = "Tyuiu.PyankovaVV.Sprint2.Task6.V7", "Tyuiu.PyankovaVV.Sprint2.Task6.V7\Tyuiu.PyankovaVV.Sprint2.Task6.V7.csproj", "{F70C6DA4-86DA-442C-A657-A1C984687A58}"
EndProject
Project("{FAE04EC0-301F-11D3-BF4B-00C04F79EFBC}") = "Tyuiu.PyankovaVV.Sprint2.Task6.V7.Lib", "Tyuiu.PyankovaVV.Sprint2.Task6.V7.Lib\Tyuiu.PyankovaVV.Sprint2.Task6.V7.Lib.csproj", "{4F1FCE25-F938-4542-80DA-BAC1534C60E7}"
EndProject
Project("{FAE04EC0-301F-11D3-BF4B-00C04F79EFBC}") = "Tyuiu.PyankovaVV.Sprint2.Task6.V7.Test", "Tyuiu.PyankovaVV.Sprint2.Task6.V7.Test\Tyuiu.PyankovaVV.Sprint2.Task6.V7.Test.csproj", "{42724FC7-0866-43AD-9238-35A3DBBEC167}"
EndProject
Project("{2150E333-8FDC-42A3-9474-1A3956D46DE8}") = "Task7", "Task7", "{A374E470-B6C1-48B0-9878-FE6E8C7D7169}"
EndProject
Project("{FAE04EC0-301F-11D3-BF4B-00C04F79EFBC}") = "Tyuiu.PyankovaVV.Sprint2.Task7.V12", "Tyuiu.PyankovaVV.Sprint2.Task7.V12\Tyuiu.PyankovaVV.Sprint2.Task7.V12.csproj", "{C088B46C-4757-4EC0-BEA6-A50535CFC16B}"
EndProject
Project("{FAE04EC0-301F-11D3-BF4B-00C04F79EFBC}") = "Tyuiu.PyankovaVV.Sprint2.Task7.V12.Lib", "Tyuiu.PyankovaVV.Sprint2.Task7.V12.Lib\Tyuiu.PyankovaVV.Sprint2.Task7.V12.Lib.csproj", "{03969F7D-1E24-43A8-BC8F-61DD3F2CEC41}"
EndProject
Project("{FAE04EC0-301F-11D3-BF4B-00C04F79EFBC}") = "Tyuiu.PyankovaVV.Sprint2.Task7.V12.Test", "Tyuiu.PyankovaVV.Sprint2.Task7.V12.Test\Tyuiu.PyankovaVV.Sprint2.Task7.V12.Test.csproj", "{F95E1D84-64CB-4A97-835D-7590EB05D3AE}"
EndProject
Global
	GlobalSection(SolutionConfigurationPlatforms) = preSolution
		Debug|Any CPU = Debug|Any CPU
		Release|Any CPU = Release|Any CPU
	EndGlobalSection
	GlobalSection(ProjectConfigurationPlatforms) = postSolution
		{CE627C0C-1441-4C1E-9DF4-0BE5AEB4B83C}.Debug|Any CPU.ActiveCfg = Debug|Any CPU
		{CE627C0C-1441-4C1E-9DF4-0BE5AEB4B83C}.Debug|Any CPU.Build.0 = Debug|Any CPU
		{CE627C0C-1441-4C1E-9DF4-0BE5AEB4B83C}.Release|Any CPU.ActiveCfg = Release|Any CPU
		{CE627C0C-1441-4C1E-9DF4-0BE5AEB4B83C}.Release|Any CPU.Build.0 = Release|Any CPU
		{036163BD-F42A-49B1-9C7E-84602ECC6D73}.Debug|Any CPU.ActiveCfg = Debug|Any CPU
		{036163BD-F42A-49B1-9C7E-84602ECC6D73}.Debug|Any CPU.Build.0 = Debug|Any CPU
		{036163BD-F42A-49B1-9C7E-84602ECC6D73}.Release|Any CPU.ActiveCfg = Release|Any CPU
		{036163BD-F42A-49B1-9C7E-84602ECC6D73}.Release|Any CPU.Build.0 = Release|Any CPU
		{E0249504-42EF-42AB-842D-88FBB6D707CB}.Debug|Any CPU.ActiveCfg = Debug|Any CPU
		{E0249504-42EF-42AB-842D-88FBB6D707CB}.Debug|Any CPU.Build.0 = Debug|Any CPU
		{E0249504-42EF-42AB-842D-88FBB6D707CB}.Release|Any CPU.ActiveCfg = Release|Any CPU
		{E0249504-42EF-42AB-842D-88FBB6D707CB}.Release|Any CPU.Build.0 = Release|Any CPU
		{46660179-2B72-4F35-AF71-7755CBF82911}.Debug|Any CPU.ActiveCfg = Debug|Any CPU
		{46660179-2B72-4F35-AF71-7755CBF82911}.Debug|Any CPU.Build.0 = Debug|Any CPU
		{46660179-2B72-4F35-AF71-7755CBF82911}.Release|Any CPU.ActiveCfg = Release|Any CPU
		{46660179-2B72-4F35-AF71-7755CBF82911}.Release|Any CPU.Build.0 = Release|Any CPU
		{EF0F574C-7ADA-4856-92C2-16DD1000E29D}.Debug|Any CPU.ActiveCfg = Debug|Any CPU
		{EF0F574C-7ADA-4856-92C2-16DD1000E29D}.Debug|Any CPU.Build.0 = Debug|Any CPU
		{EF0F574C-7ADA-4856-92C2-16DD1000E29D}.Release|Any CPU.ActiveCfg = Release|Any CPU
		{EF0F574C-7ADA-4856-92C2-16DD1000E29D}.Release|Any CPU.Build.0 = Release|Any CPU
		{D350C4DA-64AA-41FF-8C8E-CBAB7F631D7B}.Debug|Any CPU.ActiveCfg = Debug|Any CPU
		{D350C4DA-64AA-41FF-8C8E-CBAB7F631D7B}.Debug|Any CPU.Build.0 = Debug|Any CPU
		{D350C4DA-64AA-41FF-8C8E-CBAB7F631D7B}.Release|Any CPU.ActiveCfg = Release|Any CPU
		{D350C4DA-64AA-41FF-8C8E-CBAB7F631D7B}.Release|Any CPU.Build.0 = Release|Any CPU
		{9BD57255-5444-4AF1-8DD2-2B1F992ED46E}.Debug|Any CPU.ActiveCfg = Debug|Any CPU
		{9BD57255-5444-4AF1-8DD2-2B1F992ED46E}.Debug|Any CPU.Build.0 = Debug|Any CPU
		{9BD57255-5444-4AF1-8DD2-2B1F992ED46E}.Release|Any CPU.ActiveCfg = Release|Any CPU
		{9BD57255-5444-4AF1-8DD2-2B1F992ED46E}.Release|Any CPU.Build.0 = Release|Any CPU
		{97F81B4E-A069-4015-BED2-DB39802A0F68}.Debug|Any CPU.ActiveCfg = Debug|Any CPU
		{97F81B4E-A069-4015-BED2-DB39802A0F68}.Debug|Any CPU.Build.0 = Debug|Any CPU
		{97F81B4E-A069-4015-BED2-DB39802A0F68}.Release|Any CPU.ActiveCfg = Release|Any CPU
		{97F81B4E-A069-4015-BED2-DB39802A0F68}.Release|Any CPU.Build.0 = Release|Any CPU
		{49B598AB-A568-44E3-9902-A916E1EEECC6}.Debug|Any CPU.ActiveCfg = Debug|Any CPU
		{49B598AB-A568-44E3-9902-A916E1EEECC6}.Debug|Any CPU.Build.0 = Debug|Any CPU
		{49B598AB-A568-44E3-9902-A916E1EEECC6}.Release|Any CPU.ActiveCfg = Release|Any CPU
		{49B598AB-A568-44E3-9902-A916E1EEECC6}.Release|Any CPU.Build.0 = Release|Any CPU
		{D2C02BEB-DD3C-488D-BF83-A7F14F86B9EA}.Debug|Any CPU.ActiveCfg = Debug|Any CPU
		{D2C02BEB-DD3C-488D-BF83-A7F14F86B9EA}.Debug|Any CPU.Build.0 = Debug|Any CPU
		{D2C02BEB-DD3C-488D-BF83-A7F14F86B9EA}.Release|Any CPU.ActiveCfg = Release|Any CPU
		{D2C02BEB-DD3C-488D-BF83-A7F14F86B9EA}.Release|Any CPU.Build.0 = Release|Any CPU
		{89DF1ACE-F9EA-4972-9464-58656C9BFC9C}.Debug|Any CPU.ActiveCfg = Debug|Any CPU
		{89DF1ACE-F9EA-4972-9464-58656C9BFC9C}.Debug|Any CPU.Build.0 = Debug|Any CPU
		{89DF1ACE-F9EA-4972-9464-58656C9BFC9C}.Release|Any CPU.ActiveCfg = Release|Any CPU
		{89DF1ACE-F9EA-4972-9464-58656C9BFC9C}.Release|Any CPU.Build.0 = Release|Any CPU
		{2268F55F-E049-459A-BEED-4BDAA140C658}.Debug|Any CPU.ActiveCfg = Debug|Any CPU
		{2268F55F-E049-459A-BEED-4BDAA140C658}.Debug|Any CPU.Build.0 = Debug|Any CPU
		{2268F55F-E049-459A-BEED-4BDAA140C658}.Release|Any CPU.ActiveCfg = Release|Any CPU
		{2268F55F-E049-459A-BEED-4BDAA140C658}.Release|Any CPU.Build.0 = Release|Any CPU
		{8E33BF42-6A95-4A8E-AAD0-D343A154D000}.Debug|Any CPU.ActiveCfg = Debug|Any CPU
		{8E33BF42-6A95-4A8E-AAD0-D343A154D000}.Debug|Any CPU.Build.0 = Debug|Any CPU
		{8E33BF42-6A95-4A8E-AAD0-D343A154D000}.Release|Any CPU.ActiveCfg = Release|Any CPU
		{8E33BF42-6A95-4A8E-AAD0-D343A154D000}.Release|Any CPU.Build.0 = Release|Any CPU
		{63B5B785-546F-4AD3-A164-8E233A769010}.Debug|Any CPU.ActiveCfg = Debug|Any CPU
		{63B5B785-546F-4AD3-A164-8E233A769010}.Debug|Any CPU.Build.0 = Debug|Any CPU
		{63B5B785-546F-4AD3-A164-8E233A769010}.Release|Any CPU.ActiveCfg = Release|Any CPU
		{63B5B785-546F-4AD3-A164-8E233A769010}.Release|Any CPU.Build.0 = Release|Any CPU
		{A930ED8E-CF85-4001-A448-DB8475385EBB}.Debug|Any CPU.ActiveCfg = Debug|Any CPU
		{A930ED8E-CF85-4001-A448-DB8475385EBB}.Debug|Any CPU.Build.0 = Debug|Any CPU
		{A930ED8E-CF85-4001-A448-DB8475385EBB}.Release|Any CPU.ActiveCfg = Release|Any CPU
		{A930ED8E-CF85-4001-A448-DB8475385EBB}.Release|Any CPU.Build.0 = Release|Any CPU
		{DCF28514-3EC0-48A1-A745-FC52CC6F3C6D}.Debug|Any CPU.ActiveCfg = Debug|Any CPU
		{DCF28514-3EC0-48A1-A745-FC52CC6F3C6D}.Debug|Any CPU.Build.0 = Debug|Any CPU
		{DCF28514-3EC0-48A1-A745-FC52CC6F3C6D}.Release|Any CPU.ActiveCfg = Release|Any CPU
		{DCF28514-3EC0-48A1-A745-FC52CC6F3C6D}.Release|Any CPU.Build.0 = Release|Any CPU
		{C2DA4DC2-E036-4943-8BEF-E1C57040A81A}.Debug|Any CPU.ActiveCfg = Debug|Any CPU
		{C2DA4DC2-E036-4943-8BEF-E1C57040A81A}.Debug|Any CPU.Build.0 = Debug|Any CPU
		{C2DA4DC2-E036-4943-8BEF-E1C57040A81A}.Release|Any CPU.ActiveCfg = Release|Any CPU
		{C2DA4DC2-E036-4943-8BEF-E1C57040A81A}.Release|Any CPU.Build.0 = Release|Any CPU
		{EE080B7A-6F4C-4AF8-A9D7-59FB888FEDB8}.Debug|Any CPU.ActiveCfg = Debug|Any CPU
		{EE080B7A-6F4C-4AF8-A9D7-59FB888FEDB8}.Debug|Any CPU.Build.0 = Debug|Any CPU
		{EE080B7A-6F4C-4AF8-A9D7-59FB888FEDB8}.Release|Any CPU.ActiveCfg = Release|Any CPU
		{EE080B7A-6F4C-4AF8-A9D7-59FB888FEDB8}.Release|Any CPU.Build.0 = Release|Any CPU
		{F70C6DA4-86DA-442C-A657-A1C984687A58}.Debug|Any CPU.ActiveCfg = Debug|Any CPU
		{F70C6DA4-86DA-442C-A657-A1C984687A58}.Debug|Any CPU.Build.0 = Debug|Any CPU
		{F70C6DA4-86DA-442C-A657-A1C984687A58}.Release|Any CPU.ActiveCfg = Release|Any CPU
		{F70C6DA4-86DA-442C-A657-A1C984687A58}.Release|Any CPU.Build.0 = Release|Any CPU
		{4F1FCE25-F938-4542-80DA-BAC1534C60E7}.Debug|Any CPU.ActiveCfg = Debug|Any CPU
		{4F1FCE25-F938-4542-80DA-BAC1534C60E7}.Debug|Any CPU.Build.0 = Debug|Any CPU
		{4F1FCE25-F938-4542-80DA-BAC1534C60E7}.Release|Any CPU.ActiveCfg = Release|Any CPU
		{4F1FCE25-F938-4542-80DA-BAC1534C60E7}.Release|Any CPU.Build.0 = Release|Any CPU
		{42724FC7-0866-43AD-9238-35A3DBBEC167}.Debug|Any CPU.ActiveCfg = Debug|Any CPU
		{42724FC7-0866-43AD-9238-35A3DBBEC167}.Debug|Any CPU.Build.0 = Debug|Any CPU
		{42724FC7-0866-43AD-9238-35A3DBBEC167}.Release|Any CPU.ActiveCfg = Release|Any CPU
		{42724FC7-0866-43AD-9238-35A3DBBEC167}.Release|Any CPU.Build.0 = Release|Any CPU
		{C088B46C-4757-4EC0-BEA6-A50535CFC16B}.Debug|Any CPU.ActiveCfg = Debug|Any CPU
		{C088B46C-4757-4EC0-BEA6-A50535CFC16B}.Debug|Any CPU.Build.0 = Debug|Any CPU
		{C088B46C-4757-4EC0-BEA6-A50535CFC16B}.Release|Any CPU.ActiveCfg = Release|Any CPU
		{C088B46C-4757-4EC0-BEA6-A50535CFC16B}.Release|Any CPU.Build.0 = Release|Any CPU
		{03969F7D-1E24-43A8-BC8F-61DD3F2CEC41}.Debug|Any CPU.ActiveCfg = Debug|Any CPU
		{03969F7D-1E24-43A8-BC8F-61DD3F2CEC41}.Debug|Any CPU.Build.0 = Debug|Any CPU
		{03969F7D-1E24-43A8-BC8F-61DD3F2CEC41}.Release|Any CPU.ActiveCfg = Release|Any CPU
		{03969F7D-1E24-43A8-BC8F-61DD3F2CEC41}.Release|Any CPU.Build.0 = Release|Any CPU
		{F95E1D84-64CB-4A97-835D-7590EB05D3AE}.Debug|Any CPU.ActiveCfg = Debug|Any CPU
		{F95E1D84-64CB-4A97-835D-7590EB05D3AE}.Debug|Any CPU.Build.0 = Debug|Any CPU
		{F95E1D84-64CB-4A97-835D-7590EB05D3AE}.Release|Any CPU.ActiveCfg = Release|Any CPU
		{F95E1D84-64CB-4A97-835D-7590EB05D3AE}.Release|Any CPU.Build.0 = Release|Any CPU
	EndGlobalSection
	GlobalSection(SolutionProperties) = preSolution
		HideSolutionNode = FALSE
	EndGlobalSection
	GlobalSection(NestedProjects) = preSolution
		{CE627C0C-1441-4C1E-9DF4-0BE5AEB4B83C} = {679BE32A-5C83-4B2D-8CED-7B301577CA90}
		{036163BD-F42A-49B1-9C7E-84602ECC6D73} = {679BE32A-5C83-4B2D-8CED-7B301577CA90}
		{E0249504-42EF-42AB-842D-88FBB6D707CB} = {679BE32A-5C83-4B2D-8CED-7B301577CA90}
		{46660179-2B72-4F35-AF71-7755CBF82911} = {71D036C7-9C79-48A9-A101-D354104E9E23}
		{EF0F574C-7ADA-4856-92C2-16DD1000E29D} = {71D036C7-9C79-48A9-A101-D354104E9E23}
		{D350C4DA-64AA-41FF-8C8E-CBAB7F631D7B} = {71D036C7-9C79-48A9-A101-D354104E9E23}
		{9BD57255-5444-4AF1-8DD2-2B1F992ED46E} = {6B631EA0-B1E8-42B7-B55C-8A31DB2316F1}
		{97F81B4E-A069-4015-BED2-DB39802A0F68} = {6B631EA0-B1E8-42B7-B55C-8A31DB2316F1}
		{49B598AB-A568-44E3-9902-A916E1EEECC6} = {6B631EA0-B1E8-42B7-B55C-8A31DB2316F1}
		{D2C02BEB-DD3C-488D-BF83-A7F14F86B9EA} = {F30324DD-F415-4A91-83CC-9C3C78D9EB32}
		{89DF1ACE-F9EA-4972-9464-58656C9BFC9C} = {F30324DD-F415-4A91-83CC-9C3C78D9EB32}
		{2268F55F-E049-459A-BEED-4BDAA140C658} = {F30324DD-F415-4A91-83CC-9C3C78D9EB32}
		{8E33BF42-6A95-4A8E-AAD0-D343A154D000} = {0148BEAA-12FF-4938-ADD1-04B00E44307E}
		{63B5B785-546F-4AD3-A164-8E233A769010} = {0148BEAA-12FF-4938-ADD1-04B00E44307E}
		{A930ED8E-CF85-4001-A448-DB8475385EBB} = {0148BEAA-12FF-4938-ADD1-04B00E44307E}
		{DCF28514-3EC0-48A1-A745-FC52CC6F3C6D} = {72134C5B-E78F-47E6-B7D8-B397E9DC349C}
		{C2DA4DC2-E036-4943-8BEF-E1C57040A81A} = {72134C5B-E78F-47E6-B7D8-B397E9DC349C}
		{EE080B7A-6F4C-4AF8-A9D7-59FB888FEDB8} = {72134C5B-E78F-47E6-B7D8-B397E9DC349C}
		{F70C6DA4-86DA-442C-A657-A1C984687A58} = {1596FC8D-6B63-40B0-AA3E-8685525EB716}
		{4F1FCE25-F938-4542-80DA-BAC1534C60E7} = {1596FC8D-6B63-40B0-AA3E-8685525EB716}
		{42724FC7-0866-43AD-9238-35A3DBBEC167} = {1596FC8D-6B63-40B0-AA3E-8685525EB716}
		{C088B46C-4757-4EC0-BEA6-A50535CFC16B} = {A374E470-B6C1-48B0-9878-FE6E8C7D7169}
		{03969F7D-1E24-43A8-BC8F-61DD3F2CEC41} = {A374E470-B6C1-48B0-9878-FE6E8C7D7169}
		{F95E1D84-64CB-4A97-835D-7590EB05D3AE} = {A374E470-B6C1-48B0-9878-FE6E8C7D7169}
	EndGlobalSection
	GlobalSection(ExtensibilityGlobals) = postSolution
		SolutionGuid = {921856E5-75FD-4508-B12E-04C0AE46DA1F}
	EndGlobalSection
EndGlobal
